<?xml version="1.0" encoding="utf-8"?>
<Project ToolsVersion="4.0" xmlns="http://schemas.microsoft.com/developer/msbuild/2003">
  <ItemGroup>
    <Filter Include="Source Files">
      <UniqueIdentifier>{4FC737F1-C7A5-4376-A066-2A32D752A2FF}</UniqueIdentifier>
      <Extensions>qml;cpp;c;cc;cxx;def;odl;idl;hpj;bat;asm;asmx</Extensions>
    </Filter>
    <Filter Include="Header Files">
      <UniqueIdentifier>{93995380-89BD-4b04-88EB-625FBE52EBFB}</UniqueIdentifier>
      <Extensions>h;hh;hpp;hxx;hm;inl;inc;xsd</Extensions>
    </Filter>
    <Filter Include="Resource Files">
      <UniqueIdentifier>{67DA6AB6-F800-4c08-8B7A-83BB121AAD01}</UniqueIdentifier>
      <Extensions>qrc;rc;ico;cur;bmp;dlg;rc2;rct;bin;rgs;gif;jpg;jpeg;jpe;resx;tiff;tif;png;wav;mfcribbon-ms</Extensions>
    </Filter>
    <Filter Include="Form Files">
      <UniqueIdentifier>{99349809-55BA-4b9d-BF79-8FDBB0286EB3}</UniqueIdentifier>
      <Extensions>ui</Extensions>
    </Filter>
    <Filter Include="Translation Files">
      <UniqueIdentifier>{639EADAA-A684-42e4-A9AD-28FC9BCB8F7C}</UniqueIdentifier>
      <Extensions>ts</Extensions>
    </Filter>
    <Filter Include="battery">
      <UniqueIdentifier>{1c508847-3ea4-40cc-949a-2d9744cbf957}</UniqueIdentifier>
    </Filter>
    <Filter Include="ListWidget">
      <UniqueIdentifier>{8d239245-8fd1-4848-916e-8d49e9e12947}</UniqueIdentifier>
    </Filter>
    <Filter Include="WeiBoHot">
      <UniqueIdentifier>{458449f9-1e58-4a6c-b194-e1e81002191d}</UniqueIdentifier>
    </Filter>
  </ItemGroup>
  <ItemGroup>
    <QtRcc Include="QWidgetTest.qrc">
      <Filter>Resource Files</Filter>
    </QtRcc>
    <QtUic Include="QWidgetTest.ui">
      <Filter>Form Files</Filter>
    </QtUic>
    <QtMoc Include="QWidgetTest.h">
      <Filter>Header Files</Filter>
    </QtMoc>
    <ClCompile Include="QWidgetTest.cpp">
      <Filter>Source Files</Filter>
    </ClCompile>
  </ItemGroup>
  <ItemGroup>
    <ClCompile Include="main.cpp">
      <Filter>Source Files</Filter>
    </ClCompile>
    <ClCompile Include="battery\battery.cpp">
      <Filter>battery</Filter>
    </ClCompile>
    <ClCompile Include="TimeCounterWidget.cpp">
      <Filter>Source Files</Filter>
    </ClCompile>
    <ClCompile Include="ListWidget.cpp">
      <Filter>ListWidget</Filter>
    </ClCompile>
    <ClCompile Include="WeiBoHotParser.cpp">
      <Filter>WeiBoHot</Filter>
    </ClCompile>
    <ClCompile Include="WeiboHotLoader.cpp">
      <Filter>WeiBoHot</Filter>
    </ClCompile>
    <ClCompile Include="LoadStream.cpp">
      <Filter>WeiBoHot</Filter>
    </ClCompile>
    <ClCompile Include="pch.cpp">
      <Filter>Source Files</Filter>
    </ClCompile>
    <ClCompile Include="ListitemWidget.cpp">
      <Filter>ListWidget</Filter>
    </ClCompile>
  </ItemGroup>
  <ItemGroup>
    <QtMoc Include="battery\battery.h">
      <Filter>battery</Filter>
    </QtMoc>
    <QtMoc Include="TimeCounterWidget.h">
      <Filter>Header Files</Filter>
    </QtMoc>
    <QtMoc Include="ListWidget.h">
      <Filter>ListWidget</Filter>
    </QtMoc>
    <QtMoc Include="ListitemWidget.h">
      <Filter>ListWidget</Filter>
    </QtMoc>
  </ItemGroup>
  <ItemGroup>
    <ClInclude Include="pch.h">
      <Filter>Header Files</Filter>
    </ClInclude>
    <ClInclude Include="WeiBoHotParser.h">
      <Filter>WeiBoHot</Filter>
    </ClInclude>
    <ClInclude Include="WeiboHotLoader.h">
      <Filter>WeiBoHot</Filter>
    </ClInclude>
    <ClInclude Include="LoadStream.h">
      <Filter>WeiBoHot</Filter>
    </ClInclude>
  </ItemGroup>
</Project>